
Microsoft Visual Studio Solution File, Format Version 12.00
# Visual Studio Version 16
VisualStudioVersion = 16.0.31112.23
MinimumVisualStudioVersion = 10.0.40219.1
Project("{9A19103F-16F7-4668-BE54-9A1E7A4F7556}") = "WebSocketGrafana", "WebSocketGrafana\WebSocketGrafana.csproj", "{5759F4F9-EA46-489F-8423-3F02803D6E99}"
EndProject
Project("{B1E792BE-AA5F-4E3C-8C82-674BF9C0715B}") = "TC", "TC\TC.tsproj", "{F4A4FFB9-36AB-481F-91E2-F018A9B0D881}"
EndProject
Project("{9A19103F-16F7-4668-BE54-9A1E7A4F7556}") = "PlcConnector", "PlcConnector\PlcConnector.csproj", "{2217ECD8-A310-44C1-8DA4-53A94FDF8744}"
EndProject
Project("{2150E333-8FDC-42A3-9474-1A3956D46DE8}") = "src", "src", "{029A3CDF-1877-4EE7-8B57-12AD2B038133}"
EndProject
Project("{2150E333-8FDC-42A3-9474-1A3956D46DE8}") = "plc", "plc", "{2DD2F8DD-F687-4A3B-AE94-050CDE80A665}"
EndProject
Project("{2150E333-8FDC-42A3-9474-1A3956D46DE8}") = "Solution Items", "Solution Items", "{6472D98E-E647-4C7D-B951-640706308B1D}"
	ProjectSection(SolutionItems) = preProject
		README.md = README.md
	EndProjectSection
EndProject
Global
	GlobalSection(SolutionConfigurationPlatforms) = preSolution
		Debug|Any CPU = Debug|Any CPU
		Debug|TwinCAT CE7 (ARMV7) = Debug|TwinCAT CE7 (ARMV7)
		Debug|TwinCAT OS (ARMT2) = Debug|TwinCAT OS (ARMT2)
		Debug|TwinCAT RT (x64) = Debug|TwinCAT RT (x64)
		Debug|TwinCAT RT (x86) = Debug|TwinCAT RT (x86)
		Release|Any CPU = Release|Any CPU
		Release|TwinCAT CE7 (ARMV7) = Release|TwinCAT CE7 (ARMV7)
		Release|TwinCAT OS (ARMT2) = Release|TwinCAT OS (ARMT2)
		Release|TwinCAT RT (x64) = Release|TwinCAT RT (x64)
		Release|TwinCAT RT (x86) = Release|TwinCAT RT (x86)
	EndGlobalSection
	GlobalSection(ProjectConfigurationPlatforms) = postSolution
		{5759F4F9-EA46-489F-8423-3F02803D6E99}.Debug|Any CPU.ActiveCfg = Debug|Any CPU
		{5759F4F9-EA46-489F-8423-3F02803D6E99}.Debug|Any CPU.Build.0 = Debug|Any CPU
		{5759F4F9-EA46-489F-8423-3F02803D6E99}.Debug|TwinCAT CE7 (ARMV7).ActiveCfg = Debug|Any CPU
		{5759F4F9-EA46-489F-8423-3F02803D6E99}.Debug|TwinCAT CE7 (ARMV7).Build.0 = Debug|Any CPU
		{5759F4F9-EA46-489F-8423-3F02803D6E99}.Debug|TwinCAT OS (ARMT2).ActiveCfg = Debug|Any CPU
		{5759F4F9-EA46-489F-8423-3F02803D6E99}.Debug|TwinCAT OS (ARMT2).Build.0 = Debug|Any CPU
		{5759F4F9-EA46-489F-8423-3F02803D6E99}.Debug|TwinCAT RT (x64).ActiveCfg = Debug|Any CPU
		{5759F4F9-EA46-489F-8423-3F02803D6E99}.Debug|TwinCAT RT (x64).Build.0 = Debug|Any CPU
		{5759F4F9-EA46-489F-8423-3F02803D6E99}.Debug|TwinCAT RT (x86).ActiveCfg = Debug|Any CPU
		{5759F4F9-EA46-489F-8423-3F02803D6E99}.Debug|TwinCAT RT (x86).Build.0 = Debug|Any CPU
		{5759F4F9-EA46-489F-8423-3F02803D6E99}.Release|Any CPU.ActiveCfg = Release|Any CPU
		{5759F4F9-EA46-489F-8423-3F02803D6E99}.Release|Any CPU.Build.0 = Release|Any CPU
		{5759F4F9-EA46-489F-8423-3F02803D6E99}.Release|TwinCAT CE7 (ARMV7).ActiveCfg = Release|Any CPU
		{5759F4F9-EA46-489F-8423-3F02803D6E99}.Release|TwinCAT CE7 (ARMV7).Build.0 = Release|Any CPU
		{5759F4F9-EA46-489F-8423-3F02803D6E99}.Release|TwinCAT OS (ARMT2).ActiveCfg = Release|Any CPU
		{5759F4F9-EA46-489F-8423-3F02803D6E99}.Release|TwinCAT OS (ARMT2).Build.0 = Release|Any CPU
		{5759F4F9-EA46-489F-8423-3F02803D6E99}.Release|TwinCAT RT (x64).ActiveCfg = Release|Any CPU
		{5759F4F9-EA46-489F-8423-3F02803D6E99}.Release|TwinCAT RT (x64).Build.0 = Release|Any CPU
		{5759F4F9-EA46-489F-8423-3F02803D6E99}.Release|TwinCAT RT (x86).ActiveCfg = Release|Any CPU
		{5759F4F9-EA46-489F-8423-3F02803D6E99}.Release|TwinCAT RT (x86).Build.0 = Release|Any CPU
		{F4A4FFB9-36AB-481F-91E2-F018A9B0D881}.Debug|Any CPU.ActiveCfg = Debug|TwinCAT RT (x64)
		{F4A4FFB9-36AB-481F-91E2-F018A9B0D881}.Debug|Any CPU.Build.0 = Debug|TwinCAT RT (x64)
		{F4A4FFB9-36AB-481F-91E2-F018A9B0D881}.Debug|TwinCAT CE7 (ARMV7).ActiveCfg = Debug|TwinCAT CE7 (ARMV7)
		{F4A4FFB9-36AB-481F-91E2-F018A9B0D881}.Debug|TwinCAT CE7 (ARMV7).Build.0 = Debug|TwinCAT CE7 (ARMV7)
		{F4A4FFB9-36AB-481F-91E2-F018A9B0D881}.Debug|TwinCAT OS (ARMT2).ActiveCfg = Debug|TwinCAT OS (ARMT2)
		{F4A4FFB9-36AB-481F-91E2-F018A9B0D881}.Debug|TwinCAT OS (ARMT2).Build.0 = Debug|TwinCAT OS (ARMT2)
		{F4A4FFB9-36AB-481F-91E2-F018A9B0D881}.Debug|TwinCAT RT (x64).ActiveCfg = Debug|TwinCAT RT (x64)
		{F4A4FFB9-36AB-481F-91E2-F018A9B0D881}.Debug|TwinCAT RT (x64).Build.0 = Debug|TwinCAT RT (x64)
		{F4A4FFB9-36AB-481F-91E2-F018A9B0D881}.Debug|TwinCAT RT (x86).ActiveCfg = Debug|TwinCAT RT (x86)
		{F4A4FFB9-36AB-481F-91E2-F018A9B0D881}.Debug|TwinCAT RT (x86).Build.0 = Debug|TwinCAT RT (x86)
		{F4A4FFB9-36AB-481F-91E2-F018A9B0D881}.Release|Any CPU.ActiveCfg = Release|TwinCAT RT (x64)
		{F4A4FFB9-36AB-481F-91E2-F018A9B0D881}.Release|Any CPU.Build.0 = Release|TwinCAT RT (x64)
		{F4A4FFB9-36AB-481F-91E2-F018A9B0D881}.Release|TwinCAT CE7 (ARMV7).ActiveCfg = Release|TwinCAT CE7 (ARMV7)
		{F4A4FFB9-36AB-481F-91E2-F018A9B0D881}.Release|TwinCAT CE7 (ARMV7).Build.0 = Release|TwinCAT CE7 (ARMV7)
		{F4A4FFB9-36AB-481F-91E2-F018A9B0D881}.Release|TwinCAT OS (ARMT2).ActiveCfg = Release|TwinCAT OS (ARMT2)
		{F4A4FFB9-36AB-481F-91E2-F018A9B0D881}.Release|TwinCAT OS (ARMT2).Build.0 = Release|TwinCAT OS (ARMT2)
		{F4A4FFB9-36AB-481F-91E2-F018A9B0D881}.Release|TwinCAT RT (x64).ActiveCfg = Release|TwinCAT RT (x64)
		{F4A4FFB9-36AB-481F-91E2-F018A9B0D881}.Release|TwinCAT RT (x64).Build.0 = Release|TwinCAT RT (x64)
		{F4A4FFB9-36AB-481F-91E2-F018A9B0D881}.Release|TwinCAT RT (x86).ActiveCfg = Release|TwinCAT RT (x86)
		{F4A4FFB9-36AB-481F-91E2-F018A9B0D881}.Release|TwinCAT RT (x86).Build.0 = Release|TwinCAT RT (x86)
		{2217ECD8-A310-44C1-8DA4-53A94FDF8744}.Debug|Any CPU.ActiveCfg = Debug|Any CPU
		{2217ECD8-A310-44C1-8DA4-53A94FDF8744}.Debug|Any CPU.Build.0 = Debug|Any CPU
		{2217ECD8-A310-44C1-8DA4-53A94FDF8744}.Debug|TwinCAT CE7 (ARMV7).ActiveCfg = Debug|Any CPU
		{2217ECD8-A310-44C1-8DA4-53A94FDF8744}.Debug|TwinCAT CE7 (ARMV7).Build.0 = Debug|Any CPU
		{2217ECD8-A310-44C1-8DA4-53A94FDF8744}.Debug|TwinCAT OS (ARMT2).ActiveCfg = Debug|Any CPU
		{2217ECD8-A310-44C1-8DA4-53A94FDF8744}.Debug|TwinCAT OS (ARMT2).Build.0 = Debug|Any CPU
		{2217ECD8-A310-44C1-8DA4-53A94FDF8744}.Debug|TwinCAT RT (x64).ActiveCfg = Debug|Any CPU
		{2217ECD8-A310-44C1-8DA4-53A94FDF8744}.Debug|TwinCAT RT (x64).Build.0 = Debug|Any CPU
		{2217ECD8-A310-44C1-8DA4-53A94FDF8744}.Debug|TwinCAT RT (x86).ActiveCfg = Debug|Any CPU
		{2217ECD8-A310-44C1-8DA4-53A94FDF8744}.Debug|TwinCAT RT (x86).Build.0 = Debug|Any CPU
		{2217ECD8-A310-44C1-8DA4-53A94FDF8744}.Release|Any CPU.ActiveCfg = Release|Any CPU
		{2217ECD8-A310-44C1-8DA4-53A94FDF8744}.Release|Any CPU.Build.0 = Release|Any CPU
		{2217ECD8-A310-44C1-8DA4-53A94FDF8744}.Release|TwinCAT CE7 (ARMV7).ActiveCfg = Release|Any CPU
		{2217ECD8-A310-44C1-8DA4-53A94FDF8744}.Release|TwinCAT CE7 (ARMV7).Build.0 = Release|Any CPU
		{2217ECD8-A310-44C1-8DA4-53A94FDF8744}.Release|TwinCAT OS (ARMT2).ActiveCfg = Release|Any CPU
		{2217ECD8-A310-44C1-8DA4-53A94FDF8744}.Release|TwinCAT OS (ARMT2).Build.0 = Release|Any CPU
		{2217ECD8-A310-44C1-8DA4-53A94FDF8744}.Release|TwinCAT RT (x64).ActiveCfg = Release|Any CPU
		{2217ECD8-A310-44C1-8DA4-53A94FDF8744}.Release|TwinCAT RT (x64).Build.0 = Release|Any CPU
		{2217ECD8-A310-44C1-8DA4-53A94FDF8744}.Release|TwinCAT RT (x86).ActiveCfg = Release|Any CPU
		{2217ECD8-A310-44C1-8DA4-53A94FDF8744}.Release|TwinCAT RT (x86).Build.0 = Release|Any CPU
		{F4D2287A-EBF0-4DE9-B141-9C3DAAC00BBD}.Debug|Any CPU.ActiveCfg = Debug|TwinCAT RT (x64)
		{F4D2287A-EBF0-4DE9-B141-9C3DAAC00BBD}.Debug|Any CPU.Build.0 = Debug|TwinCAT RT (x64)
		{F4D2287A-EBF0-4DE9-B141-9C3DAAC00BBD}.Debug|TwinCAT CE7 (ARMV7).ActiveCfg = Debug|TwinCAT CE7 (ARMV7)
		{F4D2287A-EBF0-4DE9-B141-9C3DAAC00BBD}.Debug|TwinCAT CE7 (ARMV7).Build.0 = Debug|TwinCAT CE7 (ARMV7)
		{F4D2287A-EBF0-4DE9-B141-9C3DAAC00BBD}.Debug|TwinCAT OS (ARMT2).ActiveCfg = Debug|TwinCAT OS (ARMT2)
		{F4D2287A-EBF0-4DE9-B141-9C3DAAC00BBD}.Debug|TwinCAT OS (ARMT2).Build.0 = Debug|TwinCAT OS (ARMT2)
		{F4D2287A-EBF0-4DE9-B141-9C3DAAC00BBD}.Debug|TwinCAT RT (x64).ActiveCfg = Debug|TwinCAT RT (x64)
		{F4D2287A-EBF0-4DE9-B141-9C3DAAC00BBD}.Debug|TwinCAT RT (x64).Build.0 = Debug|TwinCAT RT (x64)
		{F4D2287A-EBF0-4DE9-B141-9C3DAAC00BBD}.Debug|TwinCAT RT (x86).ActiveCfg = Debug|TwinCAT RT (x86)
		{F4D2287A-EBF0-4DE9-B141-9C3DAAC00BBD}.Debug|TwinCAT RT (x86).Build.0 = Debug|TwinCAT RT (x86)
		{F4D2287A-EBF0-4DE9-B141-9C3DAAC00BBD}.Release|Any CPU.ActiveCfg = Release|TwinCAT RT (x64)
		{F4D2287A-EBF0-4DE9-B141-9C3DAAC00BBD}.Release|Any CPU.Build.0 = Release|TwinCAT RT (x64)
		{F4D2287A-EBF0-4DE9-B141-9C3DAAC00BBD}.Release|TwinCAT CE7 (ARMV7).ActiveCfg = Release|TwinCAT CE7 (ARMV7)
		{F4D2287A-EBF0-4DE9-B141-9C3DAAC00BBD}.Release|TwinCAT CE7 (ARMV7).Build.0 = Release|TwinCAT CE7 (ARMV7)
		{F4D2287A-EBF0-4DE9-B141-9C3DAAC00BBD}.Release|TwinCAT OS (ARMT2).ActiveCfg = Release|TwinCAT OS (ARMT2)
		{F4D2287A-EBF0-4DE9-B141-9C3DAAC00BBD}.Release|TwinCAT OS (ARMT2).Build.0 = Release|TwinCAT OS (ARMT2)
		{F4D2287A-EBF0-4DE9-B141-9C3DAAC00BBD}.Release|TwinCAT RT (x64).ActiveCfg = Release|TwinCAT RT (x64)
		{F4D2287A-EBF0-4DE9-B141-9C3DAAC00BBD}.Release|TwinCAT RT (x64).Build.0 = Release|TwinCAT RT (x64)
		{F4D2287A-EBF0-4DE9-B141-9C3DAAC00BBD}.Release|TwinCAT RT (x86).ActiveCfg = Release|TwinCAT RT (x86)
		{F4D2287A-EBF0-4DE9-B141-9C3DAAC00BBD}.Release|TwinCAT RT (x86).Build.0 = Release|TwinCAT RT (x86)
	EndGlobalSection
	GlobalSection(SolutionProperties) = preSolution
		HideSolutionNode = FALSE
	EndGlobalSection
	GlobalSection(NestedProjects) = preSolution
		{5759F4F9-EA46-489F-8423-3F02803D6E99} = {029A3CDF-1877-4EE7-8B57-12AD2B038133}
		{F4A4FFB9-36AB-481F-91E2-F018A9B0D881} = {2DD2F8DD-F687-4A3B-AE94-050CDE80A665}
		{2217ECD8-A310-44C1-8DA4-53A94FDF8744} = {2DD2F8DD-F687-4A3B-AE94-050CDE80A665}
		{2DD2F8DD-F687-4A3B-AE94-050CDE80A665} = {029A3CDF-1877-4EE7-8B57-12AD2B038133}
	EndGlobalSection
	GlobalSection(ExtensibilityGlobals) = postSolution
		SolutionGuid = {FE325276-F832-4DAC-9B37-B5E8BE4C84D0}
	EndGlobalSection
EndGlobal
